
Microsoft Visual Studio Solution File, Format Version 12.00
Project("{FAE04EC0-301F-11D3-BF4B-00C04F79EFBC}") = "GettingStarted", "GettingStarted\GettingStarted.csproj", "{8660B98B-30D9-4D17-8A00-94BF3A282C06}"
EndProject
Global
	GlobalSection(SolutionConfigurationPlatforms) = preSolution
		Debug|Any CPU = Debug|Any CPU
		Release|Any CPU = Release|Any CPU
	EndGlobalSection
	GlobalSection(ProjectConfigurationPlatforms) = postSolution
		{8660B98B-30D9-4D17-8A00-94BF3A282C06}.Debug|Any CPU.ActiveCfg = Debug|Any CPU
		{8660B98B-30D9-4D17-8A00-94BF3A282C06}.Debug|Any CPU.Build.0 = Debug|Any CPU
		{8660B98B-30D9-4D17-8A00-94BF3A282C06}.Release|Any CPU.ActiveCfg = Release|Any CPU
		{8660B98B-30D9-4D17-8A00-94BF3A282C06}.Release|Any CPU.Build.0 = Release|Any CPU
	EndGlobalSection
EndGlobal
